// !$*UTF8*$!
{
	archiveVersion = 1;
	classes = {
	};
	objectVersion = 46;
	objects = {

/* Begin PBXBuildFile section */
		ABDD57FD1A22868F00C51D53 /* main.swift in Sources */ = {isa = PBXBuildFile; fileRef = ABDD57FC1A22868F00C51D53 /* main.swift */; };
/* End PBXBuildFile section */

/* Begin PBXCopyFilesBuildPhase section */
		ABDD57F71A22868E00C51D53 /* CopyFiles */ = {
			isa = PBXCopyFilesBuildPhase;
			buildActionMask = 2147483647;
			dstPath = /usr/share/man/man1/;
			dstSubfolderSpec = 0;
			files = (
			);
			runOnlyForDeploymentPostprocessing = 1;
		};
/* End PBXCopyFilesBuildPhase section */

/* Begin PBXFileReference section */
		ABDD57F91A22868E00C51D53 /* Projects in Swift */ = {isa = PBXFileReference; explicitFileType = "compiled.mach-o.executable"; includeInIndex = 0; path = "Projects in Swift"; sourceTree = BUILT_PRODUCTS_DIR; };
		ABDD57FC1A22868F00C51D53 /* main.swift */ = {isa = PBXFileReference; lastKnownFileType = sourcecode.swift; path = main.swift; sourceTree = "<group>"; };
/* End PBXFileReference section */

/* Begin PBXFrameworksBuildPhase section */
		ABDD57F61A22868E00C51D53 /* Frameworks */ = {
			isa = PBXFrameworksBuildPhase;
			buildActionMask = 2147483647;
			files = (
			);
			runOnlyForDeploymentPostprocessing = 0;
		};
/* End PBXFrameworksBuildPhase section */

/* Begin PBXGroup section */
		ABDD57F01A22868E00C51D53 = {
			isa = PBXGroup;
			children = (
				ABDD57FB1A22868E00C51D53 /* Projects in Swift */,
				ABDD57FA1A22868E00C51D53 /* Products */,
			);
			sourceTree = "<group>";
		};
		ABDD57FA1A22868E00C51D53 /* Products */ = {
			isa = PBXGroup;
			children = (
				ABDD57F91A22868E00C51D53 /* Projects in Swift */,
			);
			name = Products;
			sourceTree = "<group>";
		};
		ABDD57FB1A22868E00C51D53 /* Projects in Swift */ = {
			isa = PBXGroup;
			children = (
				ABDD57FC1A22868F00C51D53 /* main.swift */,
			);
			path = "Projects in Swift";
			sourceTree = "<group>";
		};
/* End PBXGroup section */

/* Begin PBXNativeTarget section */
		ABDD57F81A22868E00C51D53 /* Projects in Swift */ = {
			isa = PBXNativeTarget;
			buildConfigurationList = ABDD58001A22868F00C51D53 /* Build configuration list for PBXNativeTarget "Projects in Swift" */;
			buildPhases = (
				ABDD57F51A22868E00C51D53 /* Sources */,
				ABDD57F61A22868E00C51D53 /* Frameworks */,
				ABDD57F71A22868E00C51D53 /* CopyFiles */,
			);
			buildRules = (
			);
			dependencies = (
			);
			name = "Projects in Swift";
			productName = "Projects in Swift";
			productReference = ABDD57F91A22868E00C51D53 /* Projects in Swift */;
			productType = "com.apple.product-type.tool";
		};
/* End PBXNativeTarget section */

/* Begin PBXProject section */
		ABDD57F11A22868E00C51D53 /* Project object */ = {
			isa = PBXProject;
			attributes = {
				LastUpgradeCheck = 0610;
				ORGANIZATIONNAME = "Nick Vasek";
				TargetAttributes = {
					ABDD57F81A22868E00C51D53 = {
						CreatedOnToolsVersion = 6.1;
					};
				};
			};
			buildConfigurationList = ABDD57F41A22868E00C51D53 /* Build configuration list for PBXProject "Projects in Swift" */;
			compatibilityVersion = "Xcode 3.2";
			developmentRegion = English;
			hasScannedForEncodings = 0;
			knownRegions = (
				en,
			);
			mainGroup = ABDD57F01A22868E00C51D53;
			productRefGroup = ABDD57FA1A22868E00C51D53 /* Products */;
			projectDirPath = "";
			projectRoot = "";
			targets = (
				ABDD57F81A22868E00C51D53 /* Projects in Swift */,
			);
		};
/* End PBXProject section */

/* Begin PBXSourcesBuildPhase section */
		ABDD57F51A22868E00C51D53 /* Sources */ = {
			isa = PBXSourcesBuildPhase;
			buildActionMask = 2147483647;
			files = (
				ABDD57FD1A22868F00C51D53 /* main.swift in Sources */,
			);
			runOnlyForDeploymentPostprocessing = 0;
		};
/* End PBXSourcesBuildPhase section */

/* Begin XCBuildConfiguration section */
		ABDD57FE1A22868F00C51D53 /* Debug */ = {
			isa = XCBuildConfiguration;
			buildSettings = {
				ALWAYS_SEARCH_USER_PATHS = NO;
				CLANG_CXX_LANGUAGE_STANDARD = "gnu++0x";
				CLANG_CXX_LIBRARY = "libc++";
				CLANG_ENABLE_MODULES = YES;
				CLANG_ENABLE_OBJC_ARC = YES;
				CLANG_WARN_BOOL_CONVERSION = YES;
				CLANG_WARN_CONSTANT_CONVERSION = YES;
				CLANG_WARN_DIRECT_OBJC_ISA_USAGE = YES_ERROR;
				CLANG_WARN_EMPTY_BODY = YES;
				CLANG_WARN_ENUM_CONVERSION = YES;
				CLANG_WARN_INT_CONVERSION = YES;
				CLANG_WARN_OBJC_ROOT_CLASS = YES_ERROR;
				CLANG_WARN_UNREACHABLE_CODE = YES;
				CLANG_WARN__DUPLICATE_METHOD_MATCH = YES;
				COPY_PHASE_STRIP = NO;
				ENABLE_STRICT_OBJC_MSGSEND = YES;
				GCC_C_LANGUAGE_STANDARD = gnu99;
				GCC_DYNAMIC_NO_PIC = NO;
				GCC_OPTIMIZATION_LEVEL = 0;
				GCC_PREPROCESSOR_DEFINITIONS = (
					"DEBUG=1",
					"$(inherited)",
				);
				GCC_SYMBOLS_PRIVATE_EXTERN = NO;
				GCC_WARN_64_TO_32_BIT_CONVERSION = YES;
				GCC_WARN_ABOUT_RETURN_TYPE = YES_ERROR;
				GCC_WARN_UNDECLARED_SELECTOR = YES;
				GCC_WARN_UNINITIALIZED_AUTOS = YES_AGGRESSIVE;
				GCC_WARN_UNUSED_FUNCTION = YES;
				GCC_WARN_UNUSED_VARIABLE = YES;
				MACOSX_DEPLOYMENT_TARGET = 10.10;
				MTL_ENABLE_DEBUG_INFO = YES;
				ONLY_ACTIVE_ARCH = YES;
				SDKROOT = macosx;
				SWIFT_OPTIMIZATION_LEVEL = "-Onone";
			};
			name = Debug;
		};
		ABDD57FF1A22868F00C51D53 /* Release */ = {
			isa = XCBuildConfiguration;
			buildSettings = {
				ALWAYS_SEARCH_USER_PATHS = NO;
				CLANG_CXX_LANGUAGE_STANDARD = "gnu++0x";
				CLANG_CXX_LIBRARY = "libc++";
				CLANG_ENABLE_MODULES = YES;
				CLANG_ENABLE_OBJC_ARC = YES;
				CLANG_WARN_BOOL_CONVERSION = YES;
				CLANG_WARN_CONSTANT_CONVERSION = YES;
				CLANG_WARN_DIRECT_OBJC_ISA_USAGE = YES_ERROR;
				CLANG_WARN_EMPTY_BODY = YES;
				CLANG_WARN_ENUM_CONVERSION = YES;
				CLANG_WARN_INT_CONVERSION = YES;
				CLANG_WARN_OBJC_ROOT_CLASS = YES_ERROR;
				CLANG_WARN_UNREACHABLE_CODE = YES;
				CLANG_WARN__DUPLICATE_METHOD_MATCH = YES;
				COPY_PHASE_STRIP = YES;
				DEBUG_INFORMATION_FORMAT = "dwarf-with-dsym";
				ENABLE_NS_ASSERTIONS = NO;
				ENABLE_STRICT_OBJC_MSGSEND = YES;
				GCC_C_LANGUAGE_STANDARD = gnu99;
				GCC_WARN_64_TO_32_BIT_CONVERSION = YES;
				GCC_WARN_ABOUT_RETURN_TYPE = YES_ERROR;
				GCC_WARN_UNDECLARED_SELECTOR = YES;
				GCC_WARN_UNINITIALIZED_AUTOS = YES_AGGRESSIVE;
				GCC_WARN_UNUSED_FUNCTION = YES;
				GCC_WARN_UNUSED_VARIABLE = YES;
				MACOSX_DEPLOYMENT_TARGET = 10.10;
				MTL_ENABLE_DEBUG_INFO = NO;
				SDKROOT = macosx;
			};
			name = Release;
		};
		ABDD58011A22868F00C51D53 /* Debug */ = {
			isa = XCBuildConfiguration;
			buildSettings = {
				PRODUCT_NAME = "$(TARGET_NAME)";
			};
			name = Debug;
		};
		ABDD58021A22868F00C51D53 /* Release */ = {
			isa = XCBuildConfiguration;
			buildSettings = {
				PRODUCT_NAME = "$(TARGET_NAME)";
			};
			name = Release;
		};
/* End XCBuildConfiguration section */

/* Begin XCConfigurationList section */
		ABDD57F41A22868E00C51D53 /* Build configuration list for PBXProject "Projects in Swift" */ = {
			isa = XCConfigurationList;
			buildConfigurations = (
				ABDD57FE1A22868F00C51D53 /* Debug */,
				ABDD57FF1A22868F00C51D53 /* Release */,
			);
			defaultConfigurationIsVisible = 0;
			defaultConfigurationName = Release;
		};
		ABDD58001A22868F00C51D53 /* Build configuration list for PBXNativeTarget "Projects in Swift" */ = {
			isa = XCConfigurationList;
			buildConfigurations = (
				ABDD58011A22868F00C51D53 /* Debug */,
				ABDD58021A22868F00C51D53 /* Release */,
			);
			defaultConfigurationIsVisible = 0;
			defaultConfigurationName = Release;
		};
/* End XCConfigurationList section */
	};
	rootObject = ABDD57F11A22868E00C51D53 /* Project object */;
}
